
Microsoft Visual Studio Solution File, Format Version 12.00
# Visual Studio 15
VisualStudioVersion = 15.0.28307.168
MinimumVisualStudioVersion = 10.0.40219.1
Project("{FAE04EC0-301F-11D3-BF4B-00C04F79EFBC}") = "FlightController", "FlightController\FlightController.csproj", "{093FDB3C-0E21-4572-93B4-F4027F86D80A}"
EndProject
Project("{FAE04EC0-301F-11D3-BF4B-00C04F79EFBC}") = "Library", "Library\Library.csproj", "{575E2983-AEF7-41EE-98A2-229ED35DC2E0}"
EndProject
Global
	GlobalSection(SolutionConfigurationPlatforms) = preSolution
		Debug|Any CPU = Debug|Any CPU
		Release|Any CPU = Release|Any CPU
	EndGlobalSection
	GlobalSection(ProjectConfigurationPlatforms) = postSolution
		{093FDB3C-0E21-4572-93B4-F4027F86D80A}.Debug|Any CPU.ActiveCfg = Debug|Any CPU
		{093FDB3C-0E21-4572-93B4-F4027F86D80A}.Debug|Any CPU.Build.0 = Debug|Any CPU
		{093FDB3C-0E21-4572-93B4-F4027F86D80A}.Release|Any CPU.ActiveCfg = Release|Any CPU
		{093FDB3C-0E21-4572-93B4-F4027F86D80A}.Release|Any CPU.Build.0 = Release|Any CPU
		{575E2983-AEF7-41EE-98A2-229ED35DC2E0}.Debug|Any CPU.ActiveCfg = Debug|Any CPU
		{575E2983-AEF7-41EE-98A2-229ED35DC2E0}.Debug|Any CPU.Build.0 = Debug|Any CPU
		{575E2983-AEF7-41EE-98A2-229ED35DC2E0}.Release|Any CPU.ActiveCfg = Release|Any CPU
		{575E2983-AEF7-41EE-98A2-229ED35DC2E0}.Release|Any CPU.Build.0 = Release|Any CPU
	EndGlobalSection
	GlobalSection(SolutionProperties) = preSolution
		HideSolutionNode = FALSE
	EndGlobalSection
	GlobalSection(ExtensibilityGlobals) = postSolution
		SolutionGuid = {40848284-3D73-4753-A796-13C0A484503E}
	EndGlobalSection
EndGlobal
